github.com/MrMelon54/inactive v0.0.0-20230108181516-4e441eef21a8 h1:6ydh2VCGQy/n/LfiEeSbwkZdH9+HrB1uP5w+sRoy+Ms=
github.com/MrMelon54/inactive v0.0.0-20230108181516-4e441eef21a8/go.mod h1:CMWdZcEOd6UuzghGGxME9SWCfeIs8i6YOhw7vOMkNfM=
github.com/MrMelon54/inactive v0.0.1 h1:6e4Jt5ohA/YzAvY4z8LJf259SNmD/ZlkTwQsQa9wBXY=
github.com/MrMelon54/inactive v0.0.1/go.mod h1:CMWdZcEOd6UuzghGGxME9SWCfeIs8i6YOhw7vOMkNfM=
